
Microsoft Visual Studio Solution File, Format Version 12.00
# Visual Studio Version 16
VisualStudioVersion = 16.0.30907.101
MinimumVisualStudioVersion = 10.0.40219.1
Project("{9A19103F-16F7-4668-BE54-9A1E7A4F7556}") = "Entities", "Entities\Entities.csproj", "{E4484B19-1146-459B-B384-B97C778A8C82}"
EndProject
Project("{9A19103F-16F7-4668-BE54-9A1E7A4F7556}") = "DataAccess", "DateAccess\DataAccess.csproj", "{F06CA409-2AD3-4873-A7A0-1AEEE008E308}"
EndProject
Project("{9A19103F-16F7-4668-BE54-9A1E7A4F7556}") = "Busieness", "Busieness\Busieness.csproj", "{44EAE2CF-B9EC-454A-98B3-A62502E78B05}"
EndProject
Project("{9A19103F-16F7-4668-BE54-9A1E7A4F7556}") = "ConsoleUI", "ConsoleUI\ConsoleUI.csproj", "{D9F0ED25-BB92-45A8-A93A-003A36DA496A}"
EndProject
Global
	GlobalSection(SolutionConfigurationPlatforms) = preSolution
		Debug|Any CPU = Debug|Any CPU
		Release|Any CPU = Release|Any CPU
	EndGlobalSection
	GlobalSection(ProjectConfigurationPlatforms) = postSolution
		{E4484B19-1146-459B-B384-B97C778A8C82}.Debug|Any CPU.ActiveCfg = Debug|Any CPU
		{E4484B19-1146-459B-B384-B97C778A8C82}.Debug|Any CPU.Build.0 = Debug|Any CPU
		{E4484B19-1146-459B-B384-B97C778A8C82}.Release|Any CPU.ActiveCfg = Release|Any CPU
		{E4484B19-1146-459B-B384-B97C778A8C82}.Release|Any CPU.Build.0 = Release|Any CPU
		{F06CA409-2AD3-4873-A7A0-1AEEE008E308}.Debug|Any CPU.ActiveCfg = Debug|Any CPU
		{F06CA409-2AD3-4873-A7A0-1AEEE008E308}.Debug|Any CPU.Build.0 = Debug|Any CPU
		{F06CA409-2AD3-4873-A7A0-1AEEE008E308}.Release|Any CPU.ActiveCfg = Release|Any CPU
		{F06CA409-2AD3-4873-A7A0-1AEEE008E308}.Release|Any CPU.Build.0 = Release|Any CPU
		{44EAE2CF-B9EC-454A-98B3-A62502E78B05}.Debug|Any CPU.ActiveCfg = Debug|Any CPU
		{44EAE2CF-B9EC-454A-98B3-A62502E78B05}.Debug|Any CPU.Build.0 = Debug|Any CPU
		{44EAE2CF-B9EC-454A-98B3-A62502E78B05}.Release|Any CPU.ActiveCfg = Release|Any CPU
		{44EAE2CF-B9EC-454A-98B3-A62502E78B05}.Release|Any CPU.Build.0 = Release|Any CPU
		{D9F0ED25-BB92-45A8-A93A-003A36DA496A}.Debug|Any CPU.ActiveCfg = Debug|Any CPU
		{D9F0ED25-BB92-45A8-A93A-003A36DA496A}.Debug|Any CPU.Build.0 = Debug|Any CPU
		{D9F0ED25-BB92-45A8-A93A-003A36DA496A}.Release|Any CPU.ActiveCfg = Release|Any CPU
		{D9F0ED25-BB92-45A8-A93A-003A36DA496A}.Release|Any CPU.Build.0 = Release|Any CPU
	EndGlobalSection
	GlobalSection(SolutionProperties) = preSolution
		HideSolutionNode = FALSE
	EndGlobalSection
	GlobalSection(ExtensibilityGlobals) = postSolution
		SolutionGuid = {DFE2690F-FFE4-44B4-BF9A-B9B09F1D5B30}
	EndGlobalSection
EndGlobal
